
Microsoft Visual Studio Solution File, Format Version 12.00
# Visual Studio 2013
VisualStudioVersion = 12.0.21005.1
MinimumVisualStudioVersion = 10.0.40219.1
Project("{FAE04EC0-301F-11D3-BF4B-00C04F79EFBC}") = "Main", "Main\Main.csproj", "{14230F85-3202-4930-99FD-3A8C2436355A}"
EndProject
Project("{FAE04EC0-301F-11D3-BF4B-00C04F79EFBC}") = "LibraryBO", "LibraryTP\LibraryBO.csproj", "{05B9147D-AE42-459C-9BEB-ABD2F68ECAF0}"
EndProject
Project("{2150E333-8FDC-42A3-9474-1A3956D46DE8}") = "Solution Items", "Solution Items", "{50554EDE-E570-41B2-8D13-B83BD2D0660F}"
EndProject
Project("{FAE04EC0-301F-11D3-BF4B-00C04F79EFBC}") = "LibraryDL", "LibraryDL\LibraryDL.csproj", "{4469DEFA-21AC-4E25-8CB8-FF53CC58DC16}"
EndProject
Global
	GlobalSection(SolutionConfigurationPlatforms) = preSolution
		Debug|Any CPU = Debug|Any CPU
		Release|Any CPU = Release|Any CPU
	EndGlobalSection
	GlobalSection(ProjectConfigurationPlatforms) = postSolution
		{14230F85-3202-4930-99FD-3A8C2436355A}.Debug|Any CPU.ActiveCfg = Debug|Any CPU
		{14230F85-3202-4930-99FD-3A8C2436355A}.Debug|Any CPU.Build.0 = Debug|Any CPU
		{14230F85-3202-4930-99FD-3A8C2436355A}.Release|Any CPU.ActiveCfg = Release|Any CPU
		{14230F85-3202-4930-99FD-3A8C2436355A}.Release|Any CPU.Build.0 = Release|Any CPU
		{05B9147D-AE42-459C-9BEB-ABD2F68ECAF0}.Debug|Any CPU.ActiveCfg = Debug|Any CPU
		{05B9147D-AE42-459C-9BEB-ABD2F68ECAF0}.Debug|Any CPU.Build.0 = Debug|Any CPU
		{05B9147D-AE42-459C-9BEB-ABD2F68ECAF0}.Release|Any CPU.ActiveCfg = Release|Any CPU
		{05B9147D-AE42-459C-9BEB-ABD2F68ECAF0}.Release|Any CPU.Build.0 = Release|Any CPU
		{4469DEFA-21AC-4E25-8CB8-FF53CC58DC16}.Debug|Any CPU.ActiveCfg = Debug|Any CPU
		{4469DEFA-21AC-4E25-8CB8-FF53CC58DC16}.Debug|Any CPU.Build.0 = Debug|Any CPU
		{4469DEFA-21AC-4E25-8CB8-FF53CC58DC16}.Release|Any CPU.ActiveCfg = Release|Any CPU
		{4469DEFA-21AC-4E25-8CB8-FF53CC58DC16}.Release|Any CPU.Build.0 = Release|Any CPU
	EndGlobalSection
	GlobalSection(SolutionProperties) = preSolution
		HideSolutionNode = FALSE
	EndGlobalSection
	GlobalSection(MonoDevelopProperties) = preSolution
		StartupItem = Main\Main.csproj
	EndGlobalSection
EndGlobal
